# This file is automatically @generated by Poetry 1.8.5 and should not be changed by hand.

[[package]]
name = "colorama"
version = "0.4.6"
description = "Cross-platform colored terminal text."
optional = false
python-versions = "!=3.0.*,!=3.1.*,!=3.2.*,!=3.3.*,!=3.4.*,!=3.5.*,!=3.6.*,>=2.7"
files = [
    {file = "colorama-0.4.6-py2.py3-none-any.whl", hash = "sha256:4f1d9991f5acc0ca119f9d443620b77f9d6b33703e51011c16baf57afb285fc6"},
    {file = "colorama-0.4.6.tar.gz", hash = "sha256:08695f5cb7ed6e0531a20572697297273c47b8cae5a63ffc6d6ed5c201be6e44"},
]

[[package]]
name = "iniconfig"
version = "2.0.0"
description = "brain-dead simple config-ini parsing"
optional = false
python-versions = ">=3.7"
files = [
    {file = "iniconfig-2.0.0-py3-none-any.whl", hash = "sha256:b6a85871a79d2e3b22d2d1b94ac2824226a63c6b741c88f7ae975f18b6778374"},
    {file = "iniconfig-2.0.0.tar.gz", hash = "sha256:2d91e135bf72d31a410b17c16da610a82cb55f6b0477d1a902134b24a455b8b3"},
]

[[package]]
name = "json-stream"
version = "2.3.2"
description = "Streaming JSON encoder and decoder"
optional = false
python-versions = "<4,>=3.5"
files = [
    {file = "json-stream-2.3.2.tar.gz", hash = "sha256:b8b450ea8e8e3c239e9e7e38d12fed934e77a353c14b297f8ee345a5ceb25b91"},
    {file = "json_stream-2.3.2-py3-none-any.whl", hash = "sha256:236b8e08e2761b209816452a3527355e757913d833e6802b68a034a13b8bd3ac"},
]

[package.dependencies]
json-stream-rs-tokenizer = ">=0.4.17"

[package.extras]
httpx = ["httpx"]
requests = ["requests"]

[[package]]
name = "json-stream-rs-tokenizer"
version = "0.4.26"
description = "A faster tokenizer for the json-stream Python library"
optional = false
python-versions = ">=3.7,<4"
files = [
    {file = "json-stream-rs-tokenizer-0.4.26.tar.gz", hash = "sha256:19333ccda9121b1224598d67178665f77e142862800cb1edd7797a62936f7a1c"},
    {file = "json_stream_rs_tokenizer-0.4.26-cp310-cp310-macosx_10_9_x86_64.whl", hash = "sha256:386089a087b7ed950546557676f72f7f698bc3d10f31f50ad9cffbd7fab506bc"},
    {file = "json_stream_rs_tokenizer-0.4.26-cp310-cp310-macosx_11_0_arm64.whl", hash = "sha256:d81cd53d2367d03417b6a1e83f248f7a6ff8aed62d5b4ca095f1a71cbd41fa19"},
    {file = "json_stream_rs_tokenizer-0.4.26-cp310-cp310-manylinux_2_17_aarch64.manylinux2014_aarch64.whl", hash = "sha256:9b9e12f234993b2759dd20fb1f1792c7276cb599c0f43f65616b2d51c3d13206"},
    {file = "json_stream_rs_tokenizer-0.4.26-cp310-cp310-manylinux_2_17_x86_64.manylinux2014_x86_64.whl", hash = "sha256:b33140892507ee6bbba33b67db27a2f4f587c4a0d0aefc94e32c8e87ae640303"},
    {file = "json_stream_rs_tokenizer-0.4.26-cp310-cp310-manylinux_2_5_i686.manylinux1_i686.manylinux_2_17_i686.manylinux2014_i686.whl", hash = "sha256:f9799cc5d955791d999e660929d01f9a22d174025a2be2df50ddfe453a685ad5"},
    {file = "json_stream_rs_tokenizer-0.4.26-cp310-cp310-musllinux_1_1_aarch64.whl", hash = "sha256:525e2ea12fc1a8522a5dd4c98d6784e758cba46861de689acf160f650248624e"},
    {file = "json_stream_rs_tokenizer-0.4.26-cp310-cp310-win32.whl", hash = "sha256:b7857ca3d7efba0a43be1164b8fc330db8727683d64010700686f985b63f5d33"},
    {file = "json_stream_rs_tokenizer-0.4.26-cp310-cp310-win_amd64.whl", hash = "sha256:48824ee03c7fd569c076154a70c910aa986bb583870ef01b6defa82a60493bab"},
    {file = "json_stream_rs_tokenizer-0.4.26-cp311-cp311-macosx_10_9_x86_64.whl", hash = "sha256:42e3a6fa214ea21e30b7eabe78ab694ac1452f1ed8ee806d7ede56bb8eb4e364"},
    {file = "json_stream_rs_tokenizer-0.4.26-cp311-cp311-macosx_11_0_arm64.whl", hash = "sha256:49cbdbe008aa79da7a3bcb0d5d2a7c85dc76842c7d2988dcdb68c760416a6fa2"},
    {file = "json_stream_rs_tokenizer-0.4.26-cp311-cp311-manylinux_2_17_aarch64.manylinux2014_aarch64.whl", hash = "sha256:4436e1d6a90906afb510358b60eb15391897edf24afe2dab3934deb701aadaf0"},
    {file = "json_stream_rs_tokenizer-0.4.26-cp311-cp311-manylinux_2_17_x86_64.manylinux2014_x86_64.whl", hash = "sha256:05992fa1d5d9bcf247f42112c52f399a507a03d307fa73b2146ba6b0532bffab"},
    {file = "json_stream_rs_tokenizer-0.4.26-cp311-cp311-manylinux_2_5_i686.manylinux1_i686.manylinux_2_17_i686.manylinux2014_i686.whl", hash = "sha256:8c38dfea5e5d495f8cf70d7dedd1c354ca53d400f3792ebe040d9fdd2d492d38"},
    {file = "json_stream_rs_tokenizer-0.4.26-cp311-cp311-musllinux_1_1_aarch64.whl", hash = "sha256:468eec40d407c031b6468d8602c4a467bd302b61cd3603fd94bf20445ed822de"},
    {file = "json_stream_rs_tokenizer-0.4.26-cp311-cp311-win32.whl", hash = "sha256:3ad1c8f4fa4856a921d12ee3c3d338b8ad8409dbca8f47fb5a9f95515bfd8b71"},
    {file = "json_stream_rs_tokenizer-0.4.26-cp311-cp311-win_amd64.whl", hash = "sha256:52ae28491500b730664caff2c0ef8acd6c902913019109e528a88661b22fd3f7"},
    {file = "json_stream_rs_tokenizer-0.4.26-cp312-cp312-macosx_10_9_x86_64.whl", hash = "sha256:5b9f1f61ad4cc1f8a7c0715d5ab095555699734082231d907f3acb7d1bb6bfaf"},
    {file = "json_stream_rs_tokenizer-0.4.26-cp312-cp312-macosx_11_0_arm64.whl", hash = "sha256:79d20bf715ce506b174596a5d9a50682f2c0cc93ec9acec06872860820de6918"},
    {file = "json_stream_rs_tokenizer-0.4.26-cp312-cp312-manylinux_2_17_aarch64.manylinux2014_aarch64.whl", hash = "sha256:de36a262305dcf1dca0786047369720b3b628b3484d98428a89cbcc8fe6a88f6"},
    {file = "json_stream_rs_tokenizer-0.4.26-cp312-cp312-manylinux_2_17_x86_64.manylinux2014_x86_64.whl", hash = "sha256:2bf3fd93d9e26906436ad5df4197d5a6ea3bdf36b3917c8507a80e4430e4c768"},
    {file = "json_stream_rs_tokenizer-0.4.26-cp312-cp312-manylinux_2_5_i686.manylinux1_i686.manylinux_2_17_i686.manylinux2014_i686.whl", hash = "sha256:9af9f62d2f765be4cd02973390e604cf8ef64527b6123f0dde22f2b760f35b4b"},
    {file = "json_stream_rs_tokenizer-0.4.26-cp312-cp312-musllinux_1_1_aarch64.whl", hash = "sha256:9c3e35c1ab59461d338b18dbc24ecec477a3b2b16380d738ad8b6566da57fa91"},
    {file = "json_stream_rs_tokenizer-0.4.26-cp312-cp312-win32.whl", hash = "sha256:0413f8cdffdb00f58dede2488daf9b7b6e388aff9204c16aaacdf45cf857d839"},
    {file = "json_stream_rs_tokenizer-0.4.26-cp312-cp312-win_amd64.whl", hash = "sha256:9d946e880ef7d8963ecf54077fb1606fda51a631b69b6613cfb01487930781d2"},
    {file = "json_stream_rs_tokenizer-0.4.26-cp37-cp37m-macosx_10_9_x86_64.whl", hash = "sha256:a2277c85bb06775aa53fb3918282551c286e5ee76280bdec007eeae62d347ff6"},
    {file = "json_stream_rs_tokenizer-0.4.26-cp37-cp37m-manylinux_2_17_aarch64.manylinux2014_aarch64.whl", hash = "sha256:09fb08227eee13e876029a65ba37e9d69e466cd99617de0884ced581674aebdb"},
    {file = "json_stream_rs_tokenizer-0.4.26-cp37-cp37m-manylinux_2_17_x86_64.manylinux2014_x86_64.whl", hash = "sha256:6e7f0dae17f133385f34ded101c228e46cecdbf5edad3227cfcf686a8f2cecbe"},
    {file = "json_stream_rs_tokenizer-0.4.26-cp37-cp37m-manylinux_2_5_i686.manylinux1_i686.manylinux_2_17_i686.manylinux2014_i686.whl", hash = "sha256:e18fad1ae8a7849e2e8425d4a8ebacb59ea3dbe557da4b2e4e508b33cf4bfb32"},
    {file = "json_stream_rs_tokenizer-0.4.26-cp37-cp37m-musllinux_1_1_aarch64.whl", hash = "sha256:0978c6d165e5b4e26d6246abf1e5d0047dceb764e5d06087649ae4d68508dc5e"},
    {file = "json_stream_rs_tokenizer-0.4.26-cp37-cp37m-win32.whl", hash = "sha256:7bd2e5bd6ed803a93f2e29bb11a65f79ccf050254763991748d39f0268e73d59"},
    {file = "json_stream_rs_tokenizer-0.4.26-cp37-cp37m-win_amd64.whl", hash = "sha256:1cacf8782de679528ee6e070fcb72e51cbe037ecdad59dc98481d0bf8cb5af67"},
    {file = "json_stream_rs_tokenizer-0.4.26-cp38-cp38-macosx_10_9_x86_64.whl", hash = "sha256:a148c60ccd384c4eae404068ab3ba77a13d06270a973b69d6e78da32a4990096"},
    {file = "json_stream_rs_tokenizer-0.4.26-cp38-cp38-macosx_11_0_arm64.whl", hash = "sha256:9e683513caf2a2862f0b064accff11d91a18849f9fc8c18c11baf8b1b63c2ab9"},
    {file = "json_stream_rs_tokenizer-0.4.26-cp38-cp38-manylinux_2_17_aarch64.manylinux2014_aarch64.whl", hash = "sha256:a03a48f0eea1b84e23924da7d3d19e83d5b84ba02ba7c9e5246a05ba97051d48"},
    {file = "json_stream_rs_tokenizer-0.4.26-cp38-cp38-manylinux_2_17_x86_64.manylinux2014_x86_64.whl", hash = "sha256:c79ffffaa6101ebaa1586812746b5f4bbf64799ecf218ec23140d97cf6507392"},
    {file = "json_stream_rs_tokenizer-0.4.26-cp38-cp38-manylinux_2_5_i686.manylinux1_i686.manylinux_2_17_i686.manylinux2014_i686.whl", hash = "sha256:ca475303513e4b3650ce0471a964ac5bd9010ea0aae681bb9be23927ce76344b"},
    {file = "json_stream_rs_tokenizer-0.4.26-cp38-cp38-musllinux_1_1_aarch64.whl", hash = "sha256:594c8b727fc399214adce14a77242f481790a2fcc1c001b7cf34aea7a6fa8ad3"},
    {file = "json_stream_rs_tokenizer-0.4.26-cp38-cp38-win32.whl", hash = "sha256:24c004415764d58b121fcd8249fed55fe189415f0e3e917b235a729c0e226989"},
    {file = "json_stream_rs_tokenizer-0.4.26-cp38-cp38-win_amd64.whl", hash = "sha256:56f1816a51a4f645d9f58632cde99a0c7b601867de5c34f2a63a9bea6b9656b1"},
    {file = "json_stream_rs_tokenizer-0.4.26-cp39-cp39-macosx_10_9_x86_64.whl", hash = "sha256:9e1a4bfa55013e60c7164ec0f005af28e109581a2549ea266aea6d0c7c066a13"},
    {file = "json_stream_rs_tokenizer-0.4.26-cp39-cp39-macosx_11_0_arm64.whl", hash = "sha256:14b1d2eed8f5127f26f7247865414dea0e35536fdfb61203aefe48a1a7930b99"},
    {file = "json_stream_rs_tokenizer-0.4.26-cp39-cp39-manylinux_2_17_aarch64.manylinux2014_aarch64.whl", hash = "sha256:f2bc6fd4f978407bff1ad85a66b51eb107940232b5cfa3376bfe1568ce575bb5"},
    {file = "json_stream_rs_tokenizer-0.4.26-cp39-cp39-manylinux_2_17_x86_64.manylinux2014_x86_64.whl", hash = "sha256:393d6fca34a0df7318c845f90dbd4e23dd3b869dd3d5017ad49f0c313819708a"},
    {file = "json_stream_rs_tokenizer-0.4.26-cp39-cp39-manylinux_2_5_i686.manylinux1_i686.manylinux_2_17_i686.manylinux2014_i686.whl", hash = "sha256:31aaebd4348191cc41d14e8d446f93fd3cf74da7d97458b8a5e00b1109e5f385"},
    {file = "json_stream_rs_tokenizer-0.4.26-cp39-cp39-musllinux_1_1_aarch64.whl", hash = "sha256:6721c5011d362e9460f8b4cd319d1ac9a1c41d96ffd6891a6a21fa56649c263f"},
    {file = "json_stream_rs_tokenizer-0.4.26-cp39-cp39-win32.whl", hash = "sha256:f048722719bcb28d9cefabb9c612abdc18c619bc833a793335dcec69e9bab17e"},
    {file = "json_stream_rs_tokenizer-0.4.26-cp39-cp39-win_amd64.whl", hash = "sha256:573fc21370b3fa36ea65b3e0df5a0509d2cf797f402a3d3a643fd9f734c31f24"},
    {file = "json_stream_rs_tokenizer-0.4.26-pp310-pypy310_pp73-macosx_10_9_x86_64.whl", hash = "sha256:eab3f142d6483d822a732ad7905931d33225b5027c7cde15e66e95ff261b1c9a"},
    {file = "json_stream_rs_tokenizer-0.4.26-pp310-pypy310_pp73-manylinux_2_17_aarch64.manylinux2014_aarch64.whl", hash = "sha256:dfe4aa60ff6a73121769370ed27b9b06a2f8995864b4ca7e809fd9b3231e383b"},
    {file = "json_stream_rs_tokenizer-0.4.26-pp310-pypy310_pp73-manylinux_2_17_x86_64.manylinux2014_x86_64.whl", hash = "sha256:5b6f296f6cf8c0f2968633d626cf0caa7c0e09321dada8b830b4b3e08e938445"},
    {file = "json_stream_rs_tokenizer-0.4.26-pp310-pypy310_pp73-manylinux_2_5_i686.manylinux1_i686.manylinux_2_17_i686.manylinux2014_i686.whl", hash = "sha256:70eae6687530e26fa88a733fd154cff364d1073b9d4643dad89232f0bf2f5e67"},
    {file = "json_stream_rs_tokenizer-0.4.26-pp310-pypy310_pp73-win_amd64.whl", hash = "sha256:751fbcc0b9037144a552ca3d3943d7ede4447d85a8cf9e57479f6c55aefd010f"},
    {file = "json_stream_rs_tokenizer-0.4.26-pp37-pypy37_pp73-macosx_10_9_x86_64.whl", hash = "sha256:236f0354787a89c64e64d54166287fb602d2ad09e66e6c216a3fa931fee57491"},
    {file = "json_stream_rs_tokenizer-0.4.26-pp37-pypy37_pp73-manylinux_2_17_aarch64.manylinux2014_aarch64.whl", hash = "sha256:374b96309943543f277f1cd57c93d9ce8eb641a3aa0c40cf422f911561080eec"},
    {file = "json_stream_rs_tokenizer-0.4.26-pp37-pypy37_pp73-manylinux_2_17_x86_64.manylinux2014_x86_64.whl", hash = "sha256:d7e1409578e9c0a08528b3ab3988ce73be13aa5acea09553699471218ae43446"},
    {file = "json_stream_rs_tokenizer-0.4.26-pp37-pypy37_pp73-manylinux_2_5_i686.manylinux1_i686.manylinux_2_17_i686.manylinux2014_i686.whl", hash = "sha256:8d698c8cd29e99a41866710f738fe29d3a1d0700596939917365566352ecf590"},
    {file = "json_stream_rs_tokenizer-0.4.26-pp37-pypy37_pp73-win_amd64.whl", hash = "sha256:45cddce2b803289a21bb52e877b31ef98d8b9d7e0845d1c8ca61b4b5ed57616d"},
    {file = "json_stream_rs_tokenizer-0.4.26-pp38-pypy38_pp73-macosx_10_9_x86_64.whl", hash = "sha256:c87343153e7c588f66a4de5f890bcfb846738832c6b0702e30295080b0afb976"},
    {file = "json_stream_rs_tokenizer-0.4.26-pp38-pypy38_pp73-manylinux_2_17_aarch64.manylinux2014_aarch64.whl", hash = "sha256:a82439118ed6fedd8f10f7f0a68c926e729d7166ceb3678267ea9170f7353b2d"},
    {file = "json_stream_rs_tokenizer-0.4.26-pp38-pypy38_pp73-manylinux_2_17_x86_64.manylinux2014_x86_64.whl", hash = "sha256:878d9e646ea690344cdf69a3bea19b75b9db3c6218614abb99994580dec85053"},
    {file = "json_stream_rs_tokenizer-0.4.26-pp38-pypy38_pp73-manylinux_2_5_i686.manylinux1_i686.manylinux_2_17_i686.manylinux2014_i686.whl", hash = "sha256:77b37b1d4084b14e04f186d5b0197677848846b3bba7c61e8615fbcb4ba99e4b"},
    {file = "json_stream_rs_tokenizer-0.4.26-pp38-pypy38_pp73-win_amd64.whl", hash = "sha256:37c002dd7a1ec620ff0ae25b551dea1dead991c0c7d9c8355ad689612b1bf5a7"},
    {file = "json_stream_rs_tokenizer-0.4.26-pp39-pypy39_pp73-macosx_10_9_x86_64.whl", hash = "sha256:9db149d818f958317a118e8c20e1d98d551801c6cfe332183fa8dcd06935c4cd"},
    {file = "json_stream_rs_tokenizer-0.4.26-pp39-pypy39_pp73-manylinux_2_17_aarch64.manylinux2014_aarch64.whl", hash = "sha256:dd1378815e45613e3a815a3d57a055588ff9b96f464d418f5f32c867c2cddf3a"},
    {file = "json_stream_rs_tokenizer-0.4.26-pp39-pypy39_pp73-manylinux_2_17_x86_64.manylinux2014_x86_64.whl", hash = "sha256:f760a45099d6674e8c2c773f67c6c0364795a082f418046ef257c47d68c5c663"},
    {file = "json_stream_rs_tokenizer-0.4.26-pp39-pypy39_pp73-manylinux_2_5_i686.manylinux1_i686.manylinux_2_17_i686.manylinux2014_i686.whl", hash = "sha256:709974e142f97df5a725616b844d1c7611fcb1b64f70d5076662caf1e7f99f7a"},
    {file = "json_stream_rs_tokenizer-0.4.26-pp39-pypy39_pp73-win_amd64.whl", hash = "sha256:d130d7d5a343719e5eb236d7037b93083c083a99a154657c567bca4e41bfef86"},
]

[package.extras]
benchmark = ["contexttimer (>=0.3,<0.4)", "json-stream-to-standard-types (>=0.1,<0.2)", "si-prefix (>=1.2,<2)", "tqdm (>=4.64,<5)", "typer (>=0.6,<0.7)"]
test = ["json-stream (==2.3.2)", "json-stream-rs-tokenizer[benchmark]", "pytest (>7.1,<8)"]

[[package]]
name = "packaging"
version = "24.2"
description = "Core utilities for Python packages"
optional = false
python-versions = ">=3.8"
files = [
    {file = "packaging-24.2-py3-none-any.whl", hash = "sha256:09abb1bccd265c01f4a3aa3f7a7db064b36514d2cba19a2f694fe6150451a759"},
    {file = "packaging-24.2.tar.gz", hash = "sha256:c228a6dc5e932d346bc5739379109d49e8853dd8223571c7c5b55260edc0b97f"},
]

[[package]]
name = "pluggy"
version = "1.5.0"
description = "plugin and hook calling mechanisms for python"
optional = false
python-versions = ">=3.8"
files = [
    {file = "pluggy-1.5.0-py3-none-any.whl", hash = "sha256:44e1ad92c8ca002de6377e165f3e0f1be63266ab4d554740532335b9d75ea669"},
    {file = "pluggy-1.5.0.tar.gz", hash = "sha256:2cffa88e94fdc978c4c574f15f9e59b7f4201d439195c3715ca9e2486f1d0cf1"},
]

[package.extras]
dev = ["pre-commit", "tox"]
testing = ["pytest", "pytest-benchmark"]

[[package]]
name = "pytest"
version = "8.3.4"
description = "pytest: simple powerful testing with Python"
optional = false
python-versions = ">=3.8"
files = [
    {file = "pytest-8.3.4-py3-none-any.whl", hash = "sha256:50e16d954148559c9a74109af1eaf0c945ba2d8f30f0a3d3335edde19788b6f6"},
    {file = "pytest-8.3.4.tar.gz", hash = "sha256:965370d062bce11e73868e0335abac31b4d3de0e82f4007408d242b4f8610761"},
]

[package.dependencies]
colorama = {version = "*", markers = "sys_platform == \"win32\""}
iniconfig = "*"
packaging = "*"
pluggy = ">=1.5,<2"

[package.extras]
dev = ["argcomplete", "attrs (>=19.2)", "hypothesis (>=3.56)", "mock", "pygments (>=2.7.2)", "requests", "setuptools", "xmlschema"]

[metadata]
lock-version = "2.0"
python-versions = "^3.12"
content-hash = "b5c08120f4291fe9f2f99de5490ecd23b44cf37cdcd0ae249799ac6b50c08177"
